<?xml version="1.0" encoding="utf-8"?>
<Project ToolsVersion="4.0" xmlns="http://schemas.microsoft.com/developer/msbuild/2003">
  <ItemGroup>
    <ClCompile Include="src\Main.cpp" />
    <ClCompile Include="src\engine\rendering\opengl\VertexBuffer.cpp" />
    <ClCompile Include="src\engine\rendering\opengl\IndexBuffer.cpp" />
    <ClCompile Include="src\engine\rendering\opengl\VertexArray.cpp" />
    <ClCompile Include="src\engine\rendering\opengl\Shader.cpp" />
    <ClCompile Include="src\engine\rendering\Renderer.cpp" />
    <ClCompile Include="src\engine\rendering\opengl\Texture.cpp" />
    <ClCompile Include="src\engine\Window.cpp" />
    <ClCompile Include="src\engine\rendering\ObjectRenderer.cpp" />
    <ClCompile Include="src\maths\Vectors.cpp" />
    <ClCompile Include="src\engine\rendering\object\shapes\Vertex.cpp" />
    <ClCompile Include="src\engine\input\Files.cpp" />
    <ClCompile Include="src\Application.cpp" />
    <ClCompile Include="src\ApplicationLauncher.cpp" />
    <ClCompile Include="src\engine\Debug.cpp" />
    <ClCompile Include="src\engine\rendering\object\shapes\Cube.cpp" />
    <ClCompile Include="src\engine\rendering\object\shapes\Object.cpp" />
    <ClCompile Include="src\maths\Transform.cpp" />
    <ClCompile Include="src\maths\Maths.cpp" />
    <ClCompile Include="src\engine\rendering\opengl\UniformBuffer.cpp" />
    <ClCompile Include="src\engine\rendering\opengl\VertexBufferLayout.cpp" />
    <ClCompile Include="src\engine\input\Input.cpp" />
    <ClCompile Include="src\engine\rendering\object\shapes\Line.cpp" />
    <ClCompile Include="src\engine\rendering\object\shapes\Mesh.cpp" />
    <ClCompile Include="src\engine\rendering\object\Material.cpp" />
    <ClCompile Include="src\engine\Util.cpp" />
    <ClCompile Include="src\engine\rendering\gui\GUI.cpp" />
    <ClCompile Include="src\engine\input\Keybind.cpp" />
    <ClCompile Include="src\engine\viewport\Camera.cpp" />
    <ClCompile Include="src\engine\rendering\gui\Gizmo.cpp" />
    <ClCompile Include="src\engine\viewport\Scene.cpp" />
    <ClCompile Include="libs\imgui\imgui.cpp" />
    <ClCompile Include="libs\imgui\imgui_demo.cpp" />
    <ClCompile Include="libs\imgui\imgui_draw.cpp" />
    <ClCompile Include="libs\imgui\imgui_impl_glfw.cpp" />
    <ClCompile Include="libs\imgui\imgui_impl_opengl3.cpp" />
    <ClCompile Include="libs\imgui\imgui_tables.cpp" />
    <ClCompile Include="libs\imgui\imgui_widgets.cpp" />
    <ClCompile Include="libs\stb_image\stb_image.cpp" />
    <ClCompile Include="src\engine\Stats.cpp" />
  </ItemGroup>
  <ItemGroup>
    <ClInclude Include="src\engine\rendering\opengl\VertexBuffer.h" />
    <ClInclude Include="src\engine\rendering\opengl\IndexBuffer.h" />
    <ClInclude Include="src\engine\rendering\opengl\VertexArray.h" />
    <ClInclude Include="src\engine\rendering\opengl\VertexBufferLayout.h" />
    <ClInclude Include="src\engine\rendering\opengl\Shader.h" />
    <ClInclude Include="src\engine\rendering\Renderer.h" />
    <ClInclude Include="src\engine\rendering\opengl\Texture.h" />
    <ClInclude Include="src\engine\Window.h" />
    <ClInclude Include="src\maths\Vectors.h" />
    <ClInclude Include="src\engine\Debug.h" />
    <ClInclude Include="src\engine\input\Files.h" />
    <ClInclude Include="src\engine\rendering\ObjectRenderer.h" />
    <ClInclude Include="src\engine\rendering\object\shapes\Object.h" />
    <ClInclude Include="src\engine\rendering\object\shapes\Vertex.h" />
    <ClInclude Include="src\Application.h" />
    <ClInclude Include="src\ApplicationLauncher.h" />
    <ClInclude Include="src\engine\rendering\object\shapes\Cube.h" />
    <ClInclude Include="src\maths\Transform.h" />
    <ClInclude Include="src\maths\Maths.h" />
    <ClInclude Include="src\engine\rendering\opengl\UniformBuffer.h" />
    <ClInclude Include="src\engine\input\Input.h" />
    <ClInclude Include="src\engine\input\Keys.h" />
    <ClInclude Include="src\engine\rendering\object\shapes\Line.h" />
    <ClInclude Include="src\engine\Util.h" />
    <ClInclude Include="src\engine\rendering\object\shapes\Mesh.h" />
    <ClInclude Include="src\engine\rendering\object\Material.h" />
    <ClInclude Include="src\engine\rendering\gui\GUI.h" />
    <ClInclude Include="src\engine\input\Keybind.h" />
    <ClInclude Include="src\maths\Matrix.h" />
    <ClInclude Include="src\engine\viewport\Camera.h" />
    <ClInclude Include="src\engine\rendering\gui\Gizmo.h" />
    <ClInclude Include="src\engine\viewport\Scene.h" />
    <ClInclude Include="src\engine\Colours.h" />
    <ClInclude Include="libs\GLEW\include\GL\eglew.h" />
    <ClInclude Include="libs\GLEW\include\GL\glew.h" />
    <ClInclude Include="libs\GLEW\include\GL\glxew.h" />
    <ClInclude Include="libs\GLEW\include\GL\wglew.h" />
    <ClInclude Include="libs\GLFW\include\GLFW\glfw3.h" />
    <ClInclude Include="libs\GLFW\include\GLFW\glfw3native.h" />
    <ClInclude Include="libs\imgui\imconfig.h" />
    <ClInclude Include="libs\imgui\imgui.h" />
    <ClInclude Include="libs\imgui\imgui_impl_glfw.h" />
    <ClInclude Include="libs\imgui\imgui_impl_opengl3.h" />
    <ClInclude Include="libs\imgui\imgui_impl_opengl3_loader.h" />
    <ClInclude Include="libs\imgui\imgui_internal.h" />
    <ClInclude Include="libs\imgui\imstb_rectpack.h" />
    <ClInclude Include="libs\imgui\imstb_textedit.h" />
    <ClInclude Include="libs\imgui\imstb_truetype.h" />
    <ClInclude Include="libs\stb_image\stb_image.h" />
    <ClInclude Include="src\engine\Stats.h" />
  </ItemGroup>
  <ItemGroup>
    <None Include="res\shaders\default.vert" />
    <None Include="res\shaders\default.frag" />
  </ItemGroup>
  <ItemGroup>
    <Image Include="res\textures\image.png" />
    <Image Include="res\textures\hashinshin.png" />
  </ItemGroup>
  <ItemGroup>
    <Library Include="libs\GLEW\lib\glew32s.lib" />
    <Library Include="libs\GLFW\lib\glfw3.lib" />
  </ItemGroup>
</Project>