<?xml version="1.0" encoding="utf-8"?>
<Project ToolsVersion="4.0" xmlns="http://schemas.microsoft.com/developer/msbuild/2003">
  <ItemGroup>
    <ClCompile Include="src\Application.cpp" />
    <ClCompile Include="src\maths\Mat4.cpp" />
    <ClCompile Include="src\VertexBuffer.cpp" />
    <ClCompile Include="src\IndexBuffer.cpp" />
    <ClCompile Include="src\VertexArray.cpp" />
    <ClCompile Include="src\Shader.cpp" />
    <ClCompile Include="src\Renderer.cpp" />
    <ClCompile Include="src\libs\stb_image\stb_image.cpp" />
    <ClCompile Include="src\Texture.cpp" />
    <ClCompile Include="src\Window.cpp" />
    <ClCompile Include="src\libs\imgui\imgui.cpp" />
    <ClCompile Include="src\libs\imgui\imgui_demo.cpp" />
    <ClCompile Include="src\libs\imgui\imgui_draw.cpp" />
    <ClCompile Include="src\libs\imgui\imgui_impl_glfw.cpp" />
    <ClCompile Include="src\libs\imgui\imgui_impl_opengl3.cpp" />
    <ClCompile Include="src\libs\imgui\imgui_tables.cpp" />
    <ClCompile Include="src\libs\imgui\imgui_widgets.cpp" />
  </ItemGroup>
  <ItemGroup>
    <ClInclude Include="src\maths\Mat4.h" />
    <ClInclude Include="src\VertexBuffer.h" />
    <ClInclude Include="src\IndexBuffer.h" />
    <ClInclude Include="src\VertexArray.h" />
    <ClInclude Include="src\VertexBufferLayout.h" />
    <ClInclude Include="src\Shader.h" />
    <ClInclude Include="src\Renderer.h" />
    <ClInclude Include="src\libs\stb_image\stb_image.h" />
    <ClInclude Include="src\Texture.h" />
    <ClInclude Include="src\Window.h" />
    <ClInclude Include="src\maths\Vectors.h" />
    <ClInclude Include="src\Debug.h" />
    <ClInclude Include="src\libs\imgui\imconfig.h" />
    <ClInclude Include="src\libs\imgui\imgui.h" />
    <ClInclude Include="src\libs\imgui\imgui_impl_glfw.h" />
    <ClInclude Include="src\libs\imgui\imgui_impl_opengl3.h" />
    <ClInclude Include="src\libs\imgui\imgui_internal.h" />
    <ClInclude Include="src\libs\imgui\imstb_rectpack.h" />
    <ClInclude Include="src\libs\imgui\imstb_textedit.h" />
    <ClInclude Include="src\libs\imgui\imstb_truetype.h" />
    <ClInclude Include="src\libs\imgui\imgui_impl_opengl3_loader.h" />
    <ClInclude Include="src\Files.h" />
  </ItemGroup>
  <ItemGroup>
    <None Include="res\shaders\default.vert" />
    <None Include="res\shaders\default.frag" />
  </ItemGroup>
  <ItemGroup>
    <Image Include="res\textures\image.png" />
    <Image Include="res\textures\kali.png" />
  </ItemGroup>
</Project>